// !$*UTF8*$!
{
	archiveVersion = 1;
	classes = {
	};
	objectVersion = 55;
	objects = {

/* Begin PBXBuildFile section */
		B60CA5F527B1C6C100E74D6C /* ContentView.swift in Sources */ = {isa = PBXBuildFile; fileRef = B60CA5ED27B0551A00E74D6C /* ContentView.swift */; };
		B60CA5F627B1C6DC00E74D6C /* Converter.swift in Sources */ = {isa = PBXBuildFile; fileRef = B60CA5E527AFDFD700E74D6C /* Converter.swift */; };
		B60CA5F727B1C74400E74D6C /* ModelFiles.swift in Sources */ = {isa = PBXBuildFile; fileRef = B60CA5F327B1C5B600E74D6C /* ModelFiles.swift */; };
		B60CA5F827B1C76A00E74D6C /* AVHandler.swift in Sources */ = {isa = PBXBuildFile; fileRef = B6FEFB98273C579200C6F27F /* AVHandler.swift */; };
		B60CA5F927B1C7AB00E74D6C /* ConvExt.swift in Sources */ = {isa = PBXBuildFile; fileRef = B60CA5E727B01F2200E74D6C /* ConvExt.swift */; };
		B60CA5FA27B1C7CC00E74D6C /* exifData.swift in Sources */ = {isa = PBXBuildFile; fileRef = B60CA5E927B0419A00E74D6C /* exifData.swift */; };
		B60CA5FB27B1C80100E74D6C /* ConverterModelView.swift in Sources */ = {isa = PBXBuildFile; fileRef = B67C415C276FFA7000809312 /* ConverterModelView.swift */; };
		B60CA5FC27B1C83A00E74D6C /* SceneviewX.swift in Sources */ = {isa = PBXBuildFile; fileRef = B671141027426FA100B2E2BC /* SceneviewX.swift */; };
		B60CA5FD27B1C85C00E74D6C /* Tools.swift in Sources */ = {isa = PBXBuildFile; fileRef = B6A166B12736D35200A84F0E /* Tools.swift */; };
		B60CA5FF27B1C8B500E74D6C /* AMThumbView.swift in Sources */ = {isa = PBXBuildFile; fileRef = B60CA5FE27B1C8B500E74D6C /* AMThumbView.swift */; };
		B60CA60027B1C91C00E74D6C /* loadMedia.swift in Sources */ = {isa = PBXBuildFile; fileRef = B60CA5EB27B0547700E74D6C /* loadMedia.swift */; };
		B60CA60527B25EC000E74D6C /* DebugView.swift in Sources */ = {isa = PBXBuildFile; fileRef = B60CA60427B25EC000E74D6C /* DebugView.swift */; };
		B60CA60727B339C800E74D6C /* Arrows.swift in Sources */ = {isa = PBXBuildFile; fileRef = B60CA60627B339C800E74D6C /* Arrows.swift */; };
		B60EA74627350D4B000D1526 /* test3dsApp.swift in Sources */ = {isa = PBXBuildFile; fileRef = B6F9C83B273080D0000008F2 /* test3dsApp.swift */; };
/* End PBXBuildFile section */

/* Begin PBXBuildRule section */
		B6FEFB9B273C5BE900C6F27F /* PBXBuildRule */ = {
			isa = PBXBuildRule;
			compilerSpec = com.apple.compilers.proxy.script;
			fileType = text.xml.dae;
			inputFiles = (
			);
			isEditable = 1;
			outputFiles = (
			);
			script = "# scntool\n";
		};
/* End PBXBuildRule section */

/* Begin PBXFileReference section */
		B60CA5E527AFDFD700E74D6C /* Converter.swift */ = {isa = PBXFileReference; lastKnownFileType = sourcecode.swift; path = Converter.swift; sourceTree = "<group>"; };
		B60CA5E727B01F2200E74D6C /* ConvExt.swift */ = {isa = PBXFileReference; lastKnownFileType = sourcecode.swift; path = ConvExt.swift; sourceTree = "<group>"; };
		B60CA5E927B0419A00E74D6C /* exifData.swift */ = {isa = PBXFileReference; lastKnownFileType = sourcecode.swift; path = exifData.swift; sourceTree = "<group>"; };
		B60CA5EB27B0547700E74D6C /* loadMedia.swift */ = {isa = PBXFileReference; lastKnownFileType = sourcecode.swift; path = loadMedia.swift; sourceTree = "<group>"; };
		B60CA5ED27B0551A00E74D6C /* ContentView.swift */ = {isa = PBXFileReference; lastKnownFileType = sourcecode.swift; path = ContentView.swift; sourceTree = "<group>"; };
		B60CA5F327B1C5B600E74D6C /* ModelFiles.swift */ = {isa = PBXFileReference; lastKnownFileType = sourcecode.swift; path = ModelFiles.swift; sourceTree = "<group>"; };
		B60CA5FE27B1C8B500E74D6C /* AMThumbView.swift */ = {isa = PBXFileReference; lastKnownFileType = sourcecode.swift; path = AMThumbView.swift; sourceTree = "<group>"; };
		B60CA60427B25EC000E74D6C /* DebugView.swift */ = {isa = PBXFileReference; lastKnownFileType = sourcecode.swift; path = DebugView.swift; sourceTree = "<group>"; };
		B60CA60627B339C800E74D6C /* Arrows.swift */ = {isa = PBXFileReference; lastKnownFileType = sourcecode.swift; path = Arrows.swift; sourceTree = "<group>"; };
		B671141027426FA100B2E2BC /* SceneviewX.swift */ = {isa = PBXFileReference; lastKnownFileType = sourcecode.swift; path = SceneviewX.swift; sourceTree = "<group>"; };
		B67C415C276FFA7000809312 /* ConverterModelView.swift */ = {isa = PBXFileReference; lastKnownFileType = sourcecode.swift; path = ConverterModelView.swift; sourceTree = "<group>"; };
		B6833F5E2734942D000ACCA8 /* macOS.entitlements */ = {isa = PBXFileReference; fileEncoding = 4; lastKnownFileType = text.plist.entitlements; path = macOS.entitlements; sourceTree = "<group>"; };
		B6833F732734942D000ACCA8 /* README.md */ = {isa = PBXFileReference; fileEncoding = 4; lastKnownFileType = net.daringfireball.markdown; path = README.md; sourceTree = "<group>"; };
		B6A166B12736D35200A84F0E /* Tools.swift */ = {isa = PBXFileReference; lastKnownFileType = sourcecode.swift; path = Tools.swift; sourceTree = "<group>"; };
		B6CA24CA275CCDF9006693E7 /* BoxEditor--macOS--Info.plist */ = {isa = PBXFileReference; lastKnownFileType = text.plist; path = "BoxEditor--macOS--Info.plist"; sourceTree = "<group>"; };
		B6F9C83B273080D0000008F2 /* test3dsApp.swift */ = {isa = PBXFileReference; lastKnownFileType = sourcecode.swift; path = test3dsApp.swift; sourceTree = "<group>"; };
		B6F9C848273080D1000008F2 /* RealityKit-Sample.app */ = {isa = PBXFileReference; explicitFileType = wrapper.application; includeInIndex = 0; path = "RealityKit-Sample.app"; sourceTree = BUILT_PRODUCTS_DIR; };
		B6F9C85927308A7B000008F2 /* MyScene.scnassets */ = {isa = PBXFileReference; lastKnownFileType = wrapper.scnassets; path = MyScene.scnassets; sourceTree = "<group>"; };
		B6FEFB98273C579200C6F27F /* AVHandler.swift */ = {isa = PBXFileReference; lastKnownFileType = sourcecode.swift; path = AVHandler.swift; sourceTree = "<group>"; };
/* End PBXFileReference section */

/* Begin PBXFrameworksBuildPhase section */
		B6F9C845273080D1000008F2 /* Frameworks */ = {
			isa = PBXFrameworksBuildPhase;
			buildActionMask = 2147483647;
			files = (
			);
			runOnlyForDeploymentPostprocessing = 0;
		};
/* End PBXFrameworksBuildPhase section */

/* Begin PBXGroup section */
		B60CA60127B1CA3100E74D6C /* Obsolete */ = {
			isa = PBXGroup;
			children = (
				B6F9C85927308A7B000008F2 /* MyScene.scnassets */,
			);
			path = Obsolete;
			sourceTree = "<group>";
		};
		B6833F5C2734942D000ACCA8 /* RealityGenerator */ = {
			isa = PBXGroup;
			children = (
				B6833F5D2734942D000ACCA8 /* macOS */,
				B6833F732734942D000ACCA8 /* README.md */,
				B6F9C83B273080D0000008F2 /* test3dsApp.swift */,
				B60CA5EB27B0547700E74D6C /* loadMedia.swift */,
				B60CA5ED27B0551A00E74D6C /* ContentView.swift */,
				B60CA5E527AFDFD700E74D6C /* Converter.swift */,
				B67C415C276FFA7000809312 /* ConverterModelView.swift */,
			);
			name = RealityGenerator;
			sourceTree = "<group>";
		};
		B6833F5D2734942D000ACCA8 /* macOS */ = {
			isa = PBXGroup;
			children = (
				B6833F5E2734942D000ACCA8 /* macOS.entitlements */,
			);
			path = macOS;
			sourceTree = "<group>";
		};
		B6F9C835273080D0000008F2 = {
			isa = PBXGroup;
			children = (
				B6CA24CA275CCDF9006693E7 /* BoxEditor--macOS--Info.plist */,
				B6833F5C2734942D000ACCA8 /* RealityGenerator */,
				B6F9C83A273080D0000008F2 /* Shared */,
				B60CA60127B1CA3100E74D6C /* Obsolete */,
				B6F9C843273080D1000008F2 /* Products */,
			);
			sourceTree = "<group>";
			usesTabs = 0;
		};
		B6F9C83A273080D0000008F2 /* Shared */ = {
			isa = PBXGroup;
			children = (
				B60CA5E727B01F2200E74D6C /* ConvExt.swift */,
				B60CA5FE27B1C8B500E74D6C /* AMThumbView.swift */,
				B60CA60627B339C800E74D6C /* Arrows.swift */,
				B60CA5F327B1C5B600E74D6C /* ModelFiles.swift */,
				B6FEFB98273C579200C6F27F /* AVHandler.swift */,
				B671141027426FA100B2E2BC /* SceneviewX.swift */,
				B6A166B12736D35200A84F0E /* Tools.swift */,
				B60CA5E927B0419A00E74D6C /* exifData.swift */,
				B60CA60427B25EC000E74D6C /* DebugView.swift */,
			);
			path = Shared;
			sourceTree = "<group>";
		};
		B6F9C843273080D1000008F2 /* Products */ = {
			isa = PBXGroup;
			children = (
				B6F9C848273080D1000008F2 /* RealityKit-Sample.app */,
			);
			name = Products;
			sourceTree = "<group>";
		};
/* End PBXGroup section */

/* Begin PBXNativeTarget section */
		B6F9C847273080D1000008F2 /* RealityKit-Sample (macOS) */ = {
			isa = PBXNativeTarget;
			buildConfigurationList = B6F9C856273080D1000008F2 /* Build configuration list for PBXNativeTarget "RealityKit-Sample (macOS)" */;
			buildPhases = (
				B6F9C844273080D1000008F2 /* Sources */,
				B6F9C845273080D1000008F2 /* Frameworks */,
				B6F9C846273080D1000008F2 /* Resources */,
			);
			buildRules = (
				B6FEFB9B273C5BE900C6F27F /* PBXBuildRule */,
			);
			dependencies = (
			);
			name = "RealityKit-Sample (macOS)";
			productName = "test3ds (macOS)";
			productReference = B6F9C848273080D1000008F2 /* RealityKit-Sample.app */;
			productType = "com.apple.product-type.application";
		};
/* End PBXNativeTarget section */

/* Begin PBXProject section */
		B6F9C836273080D0000008F2 /* Project object */ = {
			isa = PBXProject;
			attributes = {
				BuildIndependentTargetsInParallel = 1;
				LastSwiftUpdateCheck = 1310;
				LastUpgradeCheck = 1320;
				TargetAttributes = {
					B6F9C847273080D1000008F2 = {
						CreatedOnToolsVersion = 13.1;
					};
				};
			};
			buildConfigurationList = B6F9C839273080D0000008F2 /* Build configuration list for PBXProject "RealityKit-Sample" */;
			compatibilityVersion = "Xcode 13.0";
			developmentRegion = en;
			hasScannedForEncodings = 0;
			knownRegions = (
				en,
				Base,
			);
			mainGroup = B6F9C835273080D0000008F2;
			productRefGroup = B6F9C843273080D1000008F2 /* Products */;
			projectDirPath = "";
			projectRoot = "";
			targets = (
				B6F9C847273080D1000008F2 /* RealityKit-Sample (macOS) */,
			);
		};
/* End PBXProject section */

/* Begin PBXResourcesBuildPhase section */
		B6F9C846273080D1000008F2 /* Resources */ = {
			isa = PBXResourcesBuildPhase;
			buildActionMask = 2147483647;
			files = (
			);
			runOnlyForDeploymentPostprocessing = 0;
		};
/* End PBXResourcesBuildPhase section */

/* Begin PBXSourcesBuildPhase section */
		B6F9C844273080D1000008F2 /* Sources */ = {
			isa = PBXSourcesBuildPhase;
			buildActionMask = 2147483647;
			files = (
				B60CA5F627B1C6DC00E74D6C /* Converter.swift in Sources */,
				B60CA5F927B1C7AB00E74D6C /* ConvExt.swift in Sources */,
				B60CA60027B1C91C00E74D6C /* loadMedia.swift in Sources */,
				B60CA60727B339C800E74D6C /* Arrows.swift in Sources */,
				B60CA5FF27B1C8B500E74D6C /* AMThumbView.swift in Sources */,
				B60EA74627350D4B000D1526 /* test3dsApp.swift in Sources */,
				B60CA5F527B1C6C100E74D6C /* ContentView.swift in Sources */,
				B60CA5FC27B1C83A00E74D6C /* SceneviewX.swift in Sources */,
				B60CA5F727B1C74400E74D6C /* ModelFiles.swift in Sources */,
				B60CA5F827B1C76A00E74D6C /* AVHandler.swift in Sources */,
				B60CA5FA27B1C7CC00E74D6C /* exifData.swift in Sources */,
				B60CA60527B25EC000E74D6C /* DebugView.swift in Sources */,
				B60CA5FB27B1C80100E74D6C /* ConverterModelView.swift in Sources */,
				B60CA5FD27B1C85C00E74D6C /* Tools.swift in Sources */,
			);
			runOnlyForDeploymentPostprocessing = 0;
		};
/* End PBXSourcesBuildPhase section */

/* Begin XCBuildConfiguration section */
		B6F9C851273080D1000008F2 /* Debug */ = {
			isa = XCBuildConfiguration;
			buildSettings = {
				ALWAYS_SEARCH_USER_PATHS = NO;
				CLANG_ANALYZER_NONNULL = YES;
				CLANG_ANALYZER_NUMBER_OBJECT_CONVERSION = YES_AGGRESSIVE;
				CLANG_CXX_LANGUAGE_STANDARD = "gnu++17";
				CLANG_CXX_LIBRARY = "libc++";
				CLANG_ENABLE_MODULES = YES;
				CLANG_ENABLE_OBJC_ARC = YES;
				CLANG_ENABLE_OBJC_WEAK = YES;
				CLANG_WARN_BLOCK_CAPTURE_AUTORELEASING = YES;
				CLANG_WARN_BOOL_CONVERSION = YES;
				CLANG_WARN_COMMA = YES;
				CLANG_WARN_CONSTANT_CONVERSION = YES;
				CLANG_WARN_DEPRECATED_OBJC_IMPLEMENTATIONS = YES;
				CLANG_WARN_DIRECT_OBJC_ISA_USAGE = YES_ERROR;
				CLANG_WARN_DOCUMENTATION_COMMENTS = YES;
				CLANG_WARN_EMPTY_BODY = YES;
				CLANG_WARN_ENUM_CONVERSION = YES;
				CLANG_WARN_INFINITE_RECURSION = YES;
				CLANG_WARN_INT_CONVERSION = YES;
				CLANG_WARN_NON_LITERAL_NULL_CONVERSION = YES;
				CLANG_WARN_OBJC_IMPLICIT_RETAIN_SELF = YES;
				CLANG_WARN_OBJC_LITERAL_CONVERSION = YES;
				CLANG_WARN_OBJC_ROOT_CLASS = YES_ERROR;
				CLANG_WARN_QUOTED_INCLUDE_IN_FRAMEWORK_HEADER = YES;
				CLANG_WARN_RANGE_LOOP_ANALYSIS = YES;
				CLANG_WARN_STRICT_PROTOTYPES = YES;
				CLANG_WARN_SUSPICIOUS_MOVE = YES;
				CLANG_WARN_UNGUARDED_AVAILABILITY = YES_AGGRESSIVE;
				CLANG_WARN_UNREACHABLE_CODE = YES;
				CLANG_WARN__DUPLICATE_METHOD_MATCH = YES;
				COPY_PHASE_STRIP = NO;
				DEBUG_INFORMATION_FORMAT = dwarf;
				ENABLE_STRICT_OBJC_MSGSEND = YES;
				ENABLE_TESTABILITY = YES;
				GCC_C_LANGUAGE_STANDARD = gnu11;
				GCC_DYNAMIC_NO_PIC = NO;
				GCC_NO_COMMON_BLOCKS = YES;
				GCC_OPTIMIZATION_LEVEL = 0;
				GCC_PREPROCESSOR_DEFINITIONS = (
					"DEBUG=1",
					"$(inherited)",
				);
				GCC_WARN_64_TO_32_BIT_CONVERSION = YES;
				GCC_WARN_ABOUT_RETURN_TYPE = YES_ERROR;
				GCC_WARN_UNDECLARED_SELECTOR = YES;
				GCC_WARN_UNINITIALIZED_AUTOS = YES_AGGRESSIVE;
				GCC_WARN_UNUSED_FUNCTION = YES;
				GCC_WARN_UNUSED_VARIABLE = YES;
				MTL_ENABLE_DEBUG_INFO = INCLUDE_SOURCE;
				MTL_FAST_MATH = YES;
				ONLY_ACTIVE_ARCH = YES;
				SWIFT_ACTIVE_COMPILATION_CONDITIONS = DEBUG;
				SWIFT_OPTIMIZATION_LEVEL = "-Onone";
			};
			name = Debug;
		};
		B6F9C852273080D1000008F2 /* Release */ = {
			isa = XCBuildConfiguration;
			buildSettings = {
				ALWAYS_SEARCH_USER_PATHS = NO;
				CLANG_ANALYZER_NONNULL = YES;
				CLANG_ANALYZER_NUMBER_OBJECT_CONVERSION = YES_AGGRESSIVE;
				CLANG_CXX_LANGUAGE_STANDARD = "gnu++17";
				CLANG_CXX_LIBRARY = "libc++";
				CLANG_ENABLE_MODULES = YES;
				CLANG_ENABLE_OBJC_ARC = YES;
				CLANG_ENABLE_OBJC_WEAK = YES;
				CLANG_WARN_BLOCK_CAPTURE_AUTORELEASING = YES;
				CLANG_WARN_BOOL_CONVERSION = YES;
				CLANG_WARN_COMMA = YES;
				CLANG_WARN_CONSTANT_CONVERSION = YES;
				CLANG_WARN_DEPRECATED_OBJC_IMPLEMENTATIONS = YES;
				CLANG_WARN_DIRECT_OBJC_ISA_USAGE = YES_ERROR;
				CLANG_WARN_DOCUMENTATION_COMMENTS = YES;
				CLANG_WARN_EMPTY_BODY = YES;
				CLANG_WARN_ENUM_CONVERSION = YES;
				CLANG_WARN_INFINITE_RECURSION = YES;
				CLANG_WARN_INT_CONVERSION = YES;
				CLANG_WARN_NON_LITERAL_NULL_CONVERSION = YES;
				CLANG_WARN_OBJC_IMPLICIT_RETAIN_SELF = YES;
				CLANG_WARN_OBJC_LITERAL_CONVERSION = YES;
				CLANG_WARN_OBJC_ROOT_CLASS = YES_ERROR;
				CLANG_WARN_QUOTED_INCLUDE_IN_FRAMEWORK_HEADER = YES;
				CLANG_WARN_RANGE_LOOP_ANALYSIS = YES;
				CLANG_WARN_STRICT_PROTOTYPES = YES;
				CLANG_WARN_SUSPICIOUS_MOVE = YES;
				CLANG_WARN_UNGUARDED_AVAILABILITY = YES_AGGRESSIVE;
				CLANG_WARN_UNREACHABLE_CODE = YES;
				CLANG_WARN__DUPLICATE_METHOD_MATCH = YES;
				COPY_PHASE_STRIP = NO;
				DEBUG_INFORMATION_FORMAT = "dwarf-with-dsym";
				ENABLE_NS_ASSERTIONS = NO;
				ENABLE_STRICT_OBJC_MSGSEND = YES;
				GCC_C_LANGUAGE_STANDARD = gnu11;
				GCC_NO_COMMON_BLOCKS = YES;
				GCC_WARN_64_TO_32_BIT_CONVERSION = YES;
				GCC_WARN_ABOUT_RETURN_TYPE = YES_ERROR;
				GCC_WARN_UNDECLARED_SELECTOR = YES;
				GCC_WARN_UNINITIALIZED_AUTOS = YES_AGGRESSIVE;
				GCC_WARN_UNUSED_FUNCTION = YES;
				GCC_WARN_UNUSED_VARIABLE = YES;
				MTL_ENABLE_DEBUG_INFO = NO;
				MTL_FAST_MATH = YES;
				SWIFT_COMPILATION_MODE = wholemodule;
				SWIFT_OPTIMIZATION_LEVEL = "-O";
			};
			name = Release;
		};
		B6F9C857273080D1000008F2 /* Debug */ = {
			isa = XCBuildConfiguration;
			buildSettings = {
				ASSETCATALOG_COMPILER_APPICON_NAME = AppIcon;
				ASSETCATALOG_COMPILER_GLOBAL_ACCENT_COLOR_NAME = AccentColor;
				CODE_SIGN_ENTITLEMENTS = macOS/macOS.entitlements;
				CODE_SIGN_IDENTITY = "-";
				CODE_SIGN_STYLE = Automatic;
				COMBINE_HIDPI_IMAGES = YES;
				CURRENT_PROJECT_VERSION = 1;
				DEVELOPMENT_TEAM = V2QU2ZP5Z5;
				ENABLE_HARDENED_RUNTIME = YES;
				ENABLE_PREVIEWS = YES;
				GENERATE_INFOPLIST_FILE = YES;
				INFOPLIST_KEY_NSHumanReadableCopyright = "";
				LD_RUNPATH_SEARCH_PATHS = (
					"$(inherited)",
					"@executable_path/../Frameworks",
				);
				MACOSX_DEPLOYMENT_TARGET = 12.2;
				MARKETING_VERSION = 1.0;
				PRODUCT_BUNDLE_IDENTIFIER = com.nispuk.test1.test3ds;
				PRODUCT_NAME = "RealityKit-Sample";
				SDKROOT = macosx;
				SWIFT_EMIT_LOC_STRINGS = YES;
				SWIFT_VERSION = 5.0;
			};
			name = Debug;
		};
		B6F9C858273080D1000008F2 /* Release */ = {
			isa = XCBuildConfiguration;
			buildSettings = {
				ASSETCATALOG_COMPILER_APPICON_NAME = AppIcon;
				ASSETCATALOG_COMPILER_GLOBAL_ACCENT_COLOR_NAME = AccentColor;
				CODE_SIGN_ENTITLEMENTS = macOS/macOS.entitlements;
				CODE_SIGN_IDENTITY = "-";
				CODE_SIGN_STYLE = Automatic;
				COMBINE_HIDPI_IMAGES = YES;
				CURRENT_PROJECT_VERSION = 1;
				DEVELOPMENT_TEAM = V2QU2ZP5Z5;
				ENABLE_HARDENED_RUNTIME = YES;
				ENABLE_PREVIEWS = YES;
				GENERATE_INFOPLIST_FILE = YES;
				INFOPLIST_KEY_NSHumanReadableCopyright = "";
				LD_RUNPATH_SEARCH_PATHS = (
					"$(inherited)",
					"@executable_path/../Frameworks",
				);
				MACOSX_DEPLOYMENT_TARGET = 12.2;
				MARKETING_VERSION = 1.0;
				PRODUCT_BUNDLE_IDENTIFIER = com.nispuk.test1.test3ds;
				PRODUCT_NAME = "RealityKit-Sample";
				SDKROOT = macosx;
				SWIFT_EMIT_LOC_STRINGS = YES;
				SWIFT_VERSION = 5.0;
			};
			name = Release;
		};
/* End XCBuildConfiguration section */

/* Begin XCConfigurationList section */
		B6F9C839273080D0000008F2 /* Build configuration list for PBXProject "RealityKit-Sample" */ = {
			isa = XCConfigurationList;
			buildConfigurations = (
				B6F9C851273080D1000008F2 /* Debug */,
				B6F9C852273080D1000008F2 /* Release */,
			);
			defaultConfigurationIsVisible = 0;
			defaultConfigurationName = Release;
		};
		B6F9C856273080D1000008F2 /* Build configuration list for PBXNativeTarget "RealityKit-Sample (macOS)" */ = {
			isa = XCConfigurationList;
			buildConfigurations = (
				B6F9C857273080D1000008F2 /* Debug */,
				B6F9C858273080D1000008F2 /* Release */,
			);
			defaultConfigurationIsVisible = 0;
			defaultConfigurationName = Release;
		};
/* End XCConfigurationList section */
	};
	rootObject = B6F9C836273080D0000008F2 /* Project object */;
}
