// !$*UTF8*$!
{
	archiveVersion = 1;
	classes = {
	};
	objectVersion = 55;
	objects = {

/* Begin PBXBuildFile section */
		B6087ECB298E8F3C00FA0B37 /* ImageWrapper.swift in Sources */ = {isa = PBXBuildFile; fileRef = B6087ECA298E8F3C00FA0B37 /* ImageWrapper.swift */; };
		B60CA5F527B1C6C100E74D6C /* ContentView.swift in Sources */ = {isa = PBXBuildFile; fileRef = B60CA5ED27B0551A00E74D6C /* ContentView.swift */; };
		B60CA5F627B1C6DC00E74D6C /* Converter.swift in Sources */ = {isa = PBXBuildFile; fileRef = B60CA5E527AFDFD700E74D6C /* Converter.swift */; };
		B60CA5F727B1C74400E74D6C /* ModelFiles.swift in Sources */ = {isa = PBXBuildFile; fileRef = B60CA5F327B1C5B600E74D6C /* ModelFiles.swift */; };
		B60CA5F827B1C76A00E74D6C /* AVHandler.swift in Sources */ = {isa = PBXBuildFile; fileRef = B6FEFB98273C579200C6F27F /* AVHandler.swift */; };
		B60CA5F927B1C7AB00E74D6C /* ConvExt.swift in Sources */ = {isa = PBXBuildFile; fileRef = B60CA5E727B01F2200E74D6C /* ConvExt.swift */; };
		B60CA5FA27B1C7CC00E74D6C /* exifData.swift in Sources */ = {isa = PBXBuildFile; fileRef = B60CA5E927B0419A00E74D6C /* exifData.swift */; };
		B60CA5FB27B1C80100E74D6C /* ConverterModelView.swift in Sources */ = {isa = PBXBuildFile; fileRef = B67C415C276FFA7000809312 /* ConverterModelView.swift */; };
		B60CA5FC27B1C83A00E74D6C /* SceneviewX.swift in Sources */ = {isa = PBXBuildFile; fileRef = B671141027426FA100B2E2BC /* SceneviewX.swift */; };
		B60CA5FD27B1C85C00E74D6C /* Tools.swift in Sources */ = {isa = PBXBuildFile; fileRef = B6A166B12736D35200A84F0E /* Tools.swift */; };
		B60CA5FF27B1C8B500E74D6C /* AMThumbView.swift in Sources */ = {isa = PBXBuildFile; fileRef = B60CA5FE27B1C8B500E74D6C /* AMThumbView.swift */; };
		B60CA60527B25EC000E74D6C /* DebugView.swift in Sources */ = {isa = PBXBuildFile; fileRef = B60CA60427B25EC000E74D6C /* DebugView.swift */; };
		B60CA60727B339C800E74D6C /* Arrows.swift in Sources */ = {isa = PBXBuildFile; fileRef = B60CA60627B339C800E74D6C /* Arrows.swift */; };
		B60EA74627350D4B000D1526 /* RealityMaker.swift in Sources */ = {isa = PBXBuildFile; fileRef = B6F9C83B273080D0000008F2 /* RealityMaker.swift */; };
		B6A4348229604F9100449528 /* RealityConverterTests.swift in Sources */ = {isa = PBXBuildFile; fileRef = B6A4348129604F9100449528 /* RealityConverterTests.swift */; };
		B6A4348C29604F9100449528 /* RealityConverterUITests.swift in Sources */ = {isa = PBXBuildFile; fileRef = B6A4348B29604F9100449528 /* RealityConverterUITests.swift */; };
		B6A4348E29604F9100449528 /* RealityConverterUITestsLaunchTests.swift in Sources */ = {isa = PBXBuildFile; fileRef = B6A4348D29604F9100449528 /* RealityConverterUITestsLaunchTests.swift */; };
		B6AA52772988533800BCAE6C /* DocumentConfig.swift in Sources */ = {isa = PBXBuildFile; fileRef = B6AA52762988533800BCAE6C /* DocumentConfig.swift */; };
		B6AA5279298853DE00BCAE6C /* ProgressView.swift in Sources */ = {isa = PBXBuildFile; fileRef = B6AA5278298853DE00BCAE6C /* ProgressView.swift */; };
		B6BC6FA92987056000CF97A2 /* Assets.xcassets in Resources */ = {isa = PBXBuildFile; fileRef = B6A4347329604F9100449528 /* Assets.xcassets */; };
		B6BC6FAB298726B600CF97A2 /* FileLoaderView.swift in Sources */ = {isa = PBXBuildFile; fileRef = B6BC6FAA298726B600CF97A2 /* FileLoaderView.swift */; };
		B6BC6FAD29872A0C00CF97A2 /* PicturesView.swift in Sources */ = {isa = PBXBuildFile; fileRef = B6BC6FAC29872A0C00CF97A2 /* PicturesView.swift */; };
		B6BC6FAF29874FC000CF97A2 /* ModelView.swift in Sources */ = {isa = PBXBuildFile; fileRef = B6BC6FAE29874FC000CF97A2 /* ModelView.swift */; };
/* End PBXBuildFile section */

/* Begin PBXBuildRule section */
		B6FEFB9B273C5BE900C6F27F /* PBXBuildRule */ = {
			isa = PBXBuildRule;
			compilerSpec = com.apple.compilers.proxy.script;
			fileType = text.xml.dae;
			inputFiles = (
			);
			isEditable = 1;
			outputFiles = (
			);
			script = "# scntool\n";
		};
/* End PBXBuildRule section */

/* Begin PBXFileReference section */
		B6087ECA298E8F3C00FA0B37 /* ImageWrapper.swift */ = {isa = PBXFileReference; lastKnownFileType = sourcecode.swift; path = ImageWrapper.swift; sourceTree = "<group>"; };
		B60CA5E527AFDFD700E74D6C /* Converter.swift */ = {isa = PBXFileReference; lastKnownFileType = sourcecode.swift; path = Converter.swift; sourceTree = "<group>"; };
		B60CA5E727B01F2200E74D6C /* ConvExt.swift */ = {isa = PBXFileReference; lastKnownFileType = sourcecode.swift; path = ConvExt.swift; sourceTree = "<group>"; };
		B60CA5E927B0419A00E74D6C /* exifData.swift */ = {isa = PBXFileReference; lastKnownFileType = sourcecode.swift; path = exifData.swift; sourceTree = "<group>"; };
		B60CA5ED27B0551A00E74D6C /* ContentView.swift */ = {isa = PBXFileReference; lastKnownFileType = sourcecode.swift; path = ContentView.swift; sourceTree = "<group>"; };
		B60CA5F327B1C5B600E74D6C /* ModelFiles.swift */ = {isa = PBXFileReference; lastKnownFileType = sourcecode.swift; path = ModelFiles.swift; sourceTree = "<group>"; };
		B60CA5FE27B1C8B500E74D6C /* AMThumbView.swift */ = {isa = PBXFileReference; lastKnownFileType = sourcecode.swift; path = AMThumbView.swift; sourceTree = "<group>"; };
		B60CA60427B25EC000E74D6C /* DebugView.swift */ = {isa = PBXFileReference; lastKnownFileType = sourcecode.swift; path = DebugView.swift; sourceTree = "<group>"; };
		B60CA60627B339C800E74D6C /* Arrows.swift */ = {isa = PBXFileReference; lastKnownFileType = sourcecode.swift; path = Arrows.swift; sourceTree = "<group>"; };
		B671141027426FA100B2E2BC /* SceneviewX.swift */ = {isa = PBXFileReference; lastKnownFileType = sourcecode.swift; path = SceneviewX.swift; sourceTree = "<group>"; };
		B67C415C276FFA7000809312 /* ConverterModelView.swift */ = {isa = PBXFileReference; lastKnownFileType = sourcecode.swift; path = ConverterModelView.swift; sourceTree = "<group>"; };
		B6833F5E2734942D000ACCA8 /* macOS.entitlements */ = {isa = PBXFileReference; fileEncoding = 4; lastKnownFileType = text.plist.entitlements; path = macOS.entitlements; sourceTree = "<group>"; };
		B6833F732734942D000ACCA8 /* README.md */ = {isa = PBXFileReference; fileEncoding = 4; lastKnownFileType = net.daringfireball.markdown; path = README.md; sourceTree = "<group>"; };
		B6A166B12736D35200A84F0E /* Tools.swift */ = {isa = PBXFileReference; lastKnownFileType = sourcecode.swift; path = Tools.swift; sourceTree = "<group>"; };
		B6A4347329604F9100449528 /* Assets.xcassets */ = {isa = PBXFileReference; lastKnownFileType = folder.assetcatalog; path = Assets.xcassets; sourceTree = "<group>"; };
		B6A4347D29604F9100449528 /* RealityConverterTests.xctest */ = {isa = PBXFileReference; explicitFileType = wrapper.cfbundle; includeInIndex = 0; path = RealityConverterTests.xctest; sourceTree = BUILT_PRODUCTS_DIR; };
		B6A4348129604F9100449528 /* RealityConverterTests.swift */ = {isa = PBXFileReference; lastKnownFileType = sourcecode.swift; path = RealityConverterTests.swift; sourceTree = "<group>"; };
		B6A4348729604F9100449528 /* RealityConverterUITests.xctest */ = {isa = PBXFileReference; explicitFileType = wrapper.cfbundle; includeInIndex = 0; path = RealityConverterUITests.xctest; sourceTree = BUILT_PRODUCTS_DIR; };
		B6A4348B29604F9100449528 /* RealityConverterUITests.swift */ = {isa = PBXFileReference; lastKnownFileType = sourcecode.swift; path = RealityConverterUITests.swift; sourceTree = "<group>"; };
		B6A4348D29604F9100449528 /* RealityConverterUITestsLaunchTests.swift */ = {isa = PBXFileReference; lastKnownFileType = sourcecode.swift; path = RealityConverterUITestsLaunchTests.swift; sourceTree = "<group>"; };
		B6AA52762988533800BCAE6C /* DocumentConfig.swift */ = {isa = PBXFileReference; lastKnownFileType = sourcecode.swift; path = DocumentConfig.swift; sourceTree = "<group>"; };
		B6AA5278298853DE00BCAE6C /* ProgressView.swift */ = {isa = PBXFileReference; lastKnownFileType = sourcecode.swift; path = ProgressView.swift; sourceTree = "<group>"; };
		B6BC6FAA298726B600CF97A2 /* FileLoaderView.swift */ = {isa = PBXFileReference; lastKnownFileType = sourcecode.swift; path = FileLoaderView.swift; sourceTree = "<group>"; };
		B6BC6FAC29872A0C00CF97A2 /* PicturesView.swift */ = {isa = PBXFileReference; lastKnownFileType = sourcecode.swift; path = PicturesView.swift; sourceTree = "<group>"; };
		B6BC6FAE29874FC000CF97A2 /* ModelView.swift */ = {isa = PBXFileReference; lastKnownFileType = sourcecode.swift; path = ModelView.swift; sourceTree = "<group>"; };
		B6BC6FB02987E47200CF97A2 /* RealityConverter-Info.plist */ = {isa = PBXFileReference; lastKnownFileType = text.plist; path = "RealityConverter-Info.plist"; sourceTree = "<group>"; };
		B6CA24CA275CCDF9006693E7 /* BoxEditor--macOS--Info.plist */ = {isa = PBXFileReference; lastKnownFileType = text.plist; path = "BoxEditor--macOS--Info.plist"; sourceTree = "<group>"; };
		B6F9C83B273080D0000008F2 /* RealityMaker.swift */ = {isa = PBXFileReference; lastKnownFileType = sourcecode.swift; path = RealityMaker.swift; sourceTree = "<group>"; };
		B6F9C848273080D1000008F2 /* RealityMaker.app */ = {isa = PBXFileReference; explicitFileType = wrapper.application; includeInIndex = 0; path = RealityMaker.app; sourceTree = BUILT_PRODUCTS_DIR; };
		B6FEFB98273C579200C6F27F /* AVHandler.swift */ = {isa = PBXFileReference; lastKnownFileType = sourcecode.swift; path = AVHandler.swift; sourceTree = "<group>"; };
/* End PBXFileReference section */

/* Begin PBXFrameworksBuildPhase section */
		B6A4347A29604F9100449528 /* Frameworks */ = {
			isa = PBXFrameworksBuildPhase;
			buildActionMask = 2147483647;
			files = (
			);
			runOnlyForDeploymentPostprocessing = 0;
		};
		B6A4348429604F9100449528 /* Frameworks */ = {
			isa = PBXFrameworksBuildPhase;
			buildActionMask = 2147483647;
			files = (
			);
			runOnlyForDeploymentPostprocessing = 0;
		};
		B6F9C845273080D1000008F2 /* Frameworks */ = {
			isa = PBXFrameworksBuildPhase;
			buildActionMask = 2147483647;
			files = (
			);
			runOnlyForDeploymentPostprocessing = 0;
		};
/* End PBXFrameworksBuildPhase section */

/* Begin PBXGroup section */
		B6833F5C2734942D000ACCA8 /* RealityGenerator */ = {
			isa = PBXGroup;
			children = (
				B6833F5D2734942D000ACCA8 /* macOS */,
				B6833F732734942D000ACCA8 /* README.md */,
				B6F9C83B273080D0000008F2 /* RealityMaker.swift */,
				B6AA52762988533800BCAE6C /* DocumentConfig.swift */,
				B60CA5ED27B0551A00E74D6C /* ContentView.swift */,
				B6BC6FAC29872A0C00CF97A2 /* PicturesView.swift */,
				B6AA5278298853DE00BCAE6C /* ProgressView.swift */,
				B60CA5E527AFDFD700E74D6C /* Converter.swift */,
				B6BC6FAA298726B600CF97A2 /* FileLoaderView.swift */,
				B6BC6FAE29874FC000CF97A2 /* ModelView.swift */,
				B67C415C276FFA7000809312 /* ConverterModelView.swift */,
				B6A4347329604F9100449528 /* Assets.xcassets */,
			);
			name = RealityGenerator;
			sourceTree = "<group>";
		};
		B6833F5D2734942D000ACCA8 /* macOS */ = {
			isa = PBXGroup;
			children = (
				B6833F5E2734942D000ACCA8 /* macOS.entitlements */,
			);
			path = macOS;
			sourceTree = "<group>";
		};
		B6A4348029604F9100449528 /* RealityConverterTests */ = {
			isa = PBXGroup;
			children = (
				B6A4348129604F9100449528 /* RealityConverterTests.swift */,
			);
			path = RealityConverterTests;
			sourceTree = "<group>";
		};
		B6A4348A29604F9100449528 /* RealityConverterUITests */ = {
			isa = PBXGroup;
			children = (
				B6A4348B29604F9100449528 /* RealityConverterUITests.swift */,
				B6A4348D29604F9100449528 /* RealityConverterUITestsLaunchTests.swift */,
			);
			path = RealityConverterUITests;
			sourceTree = "<group>";
		};
		B6F9C835273080D0000008F2 = {
			isa = PBXGroup;
			children = (
				B6BC6FB02987E47200CF97A2 /* RealityConverter-Info.plist */,
				B6CA24CA275CCDF9006693E7 /* BoxEditor--macOS--Info.plist */,
				B6833F5C2734942D000ACCA8 /* RealityGenerator */,
				B6F9C83A273080D0000008F2 /* Shared */,
				B6A4348029604F9100449528 /* RealityConverterTests */,
				B6A4348A29604F9100449528 /* RealityConverterUITests */,
				B6F9C843273080D1000008F2 /* Products */,
			);
			sourceTree = "<group>";
			usesTabs = 0;
		};
		B6F9C83A273080D0000008F2 /* Shared */ = {
			isa = PBXGroup;
			children = (
				B60CA5E727B01F2200E74D6C /* ConvExt.swift */,
				B60CA5FE27B1C8B500E74D6C /* AMThumbView.swift */,
				B60CA60627B339C800E74D6C /* Arrows.swift */,
				B60CA5F327B1C5B600E74D6C /* ModelFiles.swift */,
				B6FEFB98273C579200C6F27F /* AVHandler.swift */,
				B671141027426FA100B2E2BC /* SceneviewX.swift */,
				B6A166B12736D35200A84F0E /* Tools.swift */,
				B60CA5E927B0419A00E74D6C /* exifData.swift */,
				B60CA60427B25EC000E74D6C /* DebugView.swift */,
				B6087ECA298E8F3C00FA0B37 /* ImageWrapper.swift */,
			);
			path = Shared;
			sourceTree = "<group>";
		};
		B6F9C843273080D1000008F2 /* Products */ = {
			isa = PBXGroup;
			children = (
				B6F9C848273080D1000008F2 /* RealityMaker.app */,
				B6A4347D29604F9100449528 /* RealityConverterTests.xctest */,
				B6A4348729604F9100449528 /* RealityConverterUITests.xctest */,
			);
			name = Products;
			sourceTree = "<group>";
		};
/* End PBXGroup section */

/* Begin PBXNativeTarget section */
		B6A4347C29604F9100449528 /* RealityConverterTests */ = {
			isa = PBXNativeTarget;
			buildConfigurationList = B6A4349629604F9100449528 /* Build configuration list for PBXNativeTarget "RealityConverterTests" */;
			buildPhases = (
				B6A4347929604F9100449528 /* Sources */,
				B6A4347A29604F9100449528 /* Frameworks */,
				B6A4347B29604F9100449528 /* Resources */,
			);
			buildRules = (
			);
			dependencies = (
			);
			name = RealityConverterTests;
			productName = RealityConverterTests;
			productReference = B6A4347D29604F9100449528 /* RealityConverterTests.xctest */;
			productType = "com.apple.product-type.bundle.unit-test";
		};
		B6A4348629604F9100449528 /* RealityConverterUITests */ = {
			isa = PBXNativeTarget;
			buildConfigurationList = B6A4349729604F9100449528 /* Build configuration list for PBXNativeTarget "RealityConverterUITests" */;
			buildPhases = (
				B6A4348329604F9100449528 /* Sources */,
				B6A4348429604F9100449528 /* Frameworks */,
				B6A4348529604F9100449528 /* Resources */,
			);
			buildRules = (
			);
			dependencies = (
			);
			name = RealityConverterUITests;
			productName = RealityConverterUITests;
			productReference = B6A4348729604F9100449528 /* RealityConverterUITests.xctest */;
			productType = "com.apple.product-type.bundle.ui-testing";
		};
		B6F9C847273080D1000008F2 /* RealityMaker */ = {
			isa = PBXNativeTarget;
			buildConfigurationList = B6F9C856273080D1000008F2 /* Build configuration list for PBXNativeTarget "RealityMaker" */;
			buildPhases = (
				B6F9C844273080D1000008F2 /* Sources */,
				B6F9C845273080D1000008F2 /* Frameworks */,
				B6F9C846273080D1000008F2 /* Resources */,
			);
			buildRules = (
				B6FEFB9B273C5BE900C6F27F /* PBXBuildRule */,
			);
			dependencies = (
			);
			name = RealityMaker;
			productName = "test3ds (macOS)";
			productReference = B6F9C848273080D1000008F2 /* RealityMaker.app */;
			productType = "com.apple.product-type.application";
		};
/* End PBXNativeTarget section */

/* Begin PBXProject section */
		B6F9C836273080D0000008F2 /* Project object */ = {
			isa = PBXProject;
			attributes = {
				BuildIndependentTargetsInParallel = 1;
				LastSwiftUpdateCheck = 1410;
				LastUpgradeCheck = 1410;
				TargetAttributes = {
					B6A4347C29604F9100449528 = {
						CreatedOnToolsVersion = 14.1;
						TestTargetID = B6A4346C29604F9000449528;
					};
					B6A4348629604F9100449528 = {
						CreatedOnToolsVersion = 14.1;
						TestTargetID = B6A4346C29604F9000449528;
					};
					B6F9C847273080D1000008F2 = {
						CreatedOnToolsVersion = 13.1;
					};
				};
			};
			buildConfigurationList = B6F9C839273080D0000008F2 /* Build configuration list for PBXProject "RealityKit-Sample" */;
			compatibilityVersion = "Xcode 13.0";
			developmentRegion = en;
			hasScannedForEncodings = 0;
			knownRegions = (
				en,
				Base,
			);
			mainGroup = B6F9C835273080D0000008F2;
			productRefGroup = B6F9C843273080D1000008F2 /* Products */;
			projectDirPath = "";
			projectRoot = "";
			targets = (
				B6F9C847273080D1000008F2 /* RealityMaker */,
				B6A4347C29604F9100449528 /* RealityConverterTests */,
				B6A4348629604F9100449528 /* RealityConverterUITests */,
			);
		};
/* End PBXProject section */

/* Begin PBXResourcesBuildPhase section */
		B6A4347B29604F9100449528 /* Resources */ = {
			isa = PBXResourcesBuildPhase;
			buildActionMask = 2147483647;
			files = (
			);
			runOnlyForDeploymentPostprocessing = 0;
		};
		B6A4348529604F9100449528 /* Resources */ = {
			isa = PBXResourcesBuildPhase;
			buildActionMask = 2147483647;
			files = (
			);
			runOnlyForDeploymentPostprocessing = 0;
		};
		B6F9C846273080D1000008F2 /* Resources */ = {
			isa = PBXResourcesBuildPhase;
			buildActionMask = 2147483647;
			files = (
				B6BC6FA92987056000CF97A2 /* Assets.xcassets in Resources */,
			);
			runOnlyForDeploymentPostprocessing = 0;
		};
/* End PBXResourcesBuildPhase section */

/* Begin PBXSourcesBuildPhase section */
		B6A4347929604F9100449528 /* Sources */ = {
			isa = PBXSourcesBuildPhase;
			buildActionMask = 2147483647;
			files = (
				B6A4348229604F9100449528 /* RealityConverterTests.swift in Sources */,
			);
			runOnlyForDeploymentPostprocessing = 0;
		};
		B6A4348329604F9100449528 /* Sources */ = {
			isa = PBXSourcesBuildPhase;
			buildActionMask = 2147483647;
			files = (
				B6A4348E29604F9100449528 /* RealityConverterUITestsLaunchTests.swift in Sources */,
				B6A4348C29604F9100449528 /* RealityConverterUITests.swift in Sources */,
			);
			runOnlyForDeploymentPostprocessing = 0;
		};
		B6F9C844273080D1000008F2 /* Sources */ = {
			isa = PBXSourcesBuildPhase;
			buildActionMask = 2147483647;
			files = (
				B60CA5F627B1C6DC00E74D6C /* Converter.swift in Sources */,
				B60CA5F927B1C7AB00E74D6C /* ConvExt.swift in Sources */,
				B60CA60727B339C800E74D6C /* Arrows.swift in Sources */,
				B60CA5FF27B1C8B500E74D6C /* AMThumbView.swift in Sources */,
				B60EA74627350D4B000D1526 /* RealityMaker.swift in Sources */,
				B6BC6FAB298726B600CF97A2 /* FileLoaderView.swift in Sources */,
				B6BC6FAD29872A0C00CF97A2 /* PicturesView.swift in Sources */,
				B6BC6FAF29874FC000CF97A2 /* ModelView.swift in Sources */,
				B60CA5F527B1C6C100E74D6C /* ContentView.swift in Sources */,
				B60CA5FC27B1C83A00E74D6C /* SceneviewX.swift in Sources */,
				B60CA5F727B1C74400E74D6C /* ModelFiles.swift in Sources */,
				B60CA5F827B1C76A00E74D6C /* AVHandler.swift in Sources */,
				B60CA5FA27B1C7CC00E74D6C /* exifData.swift in Sources */,
				B60CA60527B25EC000E74D6C /* DebugView.swift in Sources */,
				B60CA5FB27B1C80100E74D6C /* ConverterModelView.swift in Sources */,
				B6AA52772988533800BCAE6C /* DocumentConfig.swift in Sources */,
				B60CA5FD27B1C85C00E74D6C /* Tools.swift in Sources */,
				B6087ECB298E8F3C00FA0B37 /* ImageWrapper.swift in Sources */,
				B6AA5279298853DE00BCAE6C /* ProgressView.swift in Sources */,
			);
			runOnlyForDeploymentPostprocessing = 0;
		};
/* End PBXSourcesBuildPhase section */

/* Begin XCBuildConfiguration section */
		B6A4349129604F9100449528 /* Debug */ = {
			isa = XCBuildConfiguration;
			buildSettings = {
				ALWAYS_EMBED_SWIFT_STANDARD_LIBRARIES = YES;
				BUNDLE_LOADER = "$(TEST_HOST)";
				CLANG_CXX_LANGUAGE_STANDARD = "gnu++20";
				CODE_SIGN_STYLE = Automatic;
				CURRENT_PROJECT_VERSION = 1;
				DEAD_CODE_STRIPPING = YES;
				DEVELOPMENT_TEAM = V2QU2ZP5Z5;
				GENERATE_INFOPLIST_FILE = YES;
				IPHONEOS_DEPLOYMENT_TARGET = 16.1;
				MACOSX_DEPLOYMENT_TARGET = 13.0;
				MARKETING_VERSION = 1.0;
				PRODUCT_BUNDLE_IDENTIFIER = com.nispuk.RealityConverterTests;
				PRODUCT_NAME = "$(TARGET_NAME)";
				SDKROOT = auto;
				SUPPORTED_PLATFORMS = "iphoneos iphonesimulator macosx";
				SWIFT_EMIT_LOC_STRINGS = NO;
				SWIFT_VERSION = 5.0;
				TARGETED_DEVICE_FAMILY = "1,2";
				TEST_HOST = "$(BUILT_PRODUCTS_DIR)/RealityConverter.app/$(BUNDLE_EXECUTABLE_FOLDER_PATH)/RealityConverter";
			};
			name = Debug;
		};
		B6A4349229604F9100449528 /* Release */ = {
			isa = XCBuildConfiguration;
			buildSettings = {
				ALWAYS_EMBED_SWIFT_STANDARD_LIBRARIES = YES;
				BUNDLE_LOADER = "$(TEST_HOST)";
				CLANG_CXX_LANGUAGE_STANDARD = "gnu++20";
				CODE_SIGN_STYLE = Automatic;
				CURRENT_PROJECT_VERSION = 1;
				DEAD_CODE_STRIPPING = YES;
				DEVELOPMENT_TEAM = V2QU2ZP5Z5;
				GENERATE_INFOPLIST_FILE = YES;
				IPHONEOS_DEPLOYMENT_TARGET = 16.1;
				MACOSX_DEPLOYMENT_TARGET = 13.0;
				MARKETING_VERSION = 1.0;
				PRODUCT_BUNDLE_IDENTIFIER = com.nispuk.RealityConverterTests;
				PRODUCT_NAME = "$(TARGET_NAME)";
				SDKROOT = auto;
				SUPPORTED_PLATFORMS = "iphoneos iphonesimulator macosx";
				SWIFT_EMIT_LOC_STRINGS = NO;
				SWIFT_VERSION = 5.0;
				TARGETED_DEVICE_FAMILY = "1,2";
				TEST_HOST = "$(BUILT_PRODUCTS_DIR)/RealityConverter.app/$(BUNDLE_EXECUTABLE_FOLDER_PATH)/RealityConverter";
			};
			name = Release;
		};
		B6A4349329604F9100449528 /* Debug */ = {
			isa = XCBuildConfiguration;
			buildSettings = {
				ALWAYS_EMBED_SWIFT_STANDARD_LIBRARIES = YES;
				CLANG_CXX_LANGUAGE_STANDARD = "gnu++20";
				CODE_SIGN_STYLE = Automatic;
				CURRENT_PROJECT_VERSION = 1;
				DEAD_CODE_STRIPPING = YES;
				DEVELOPMENT_TEAM = V2QU2ZP5Z5;
				GENERATE_INFOPLIST_FILE = YES;
				IPHONEOS_DEPLOYMENT_TARGET = 16.1;
				MACOSX_DEPLOYMENT_TARGET = 13.0;
				MARKETING_VERSION = 1.0;
				PRODUCT_BUNDLE_IDENTIFIER = com.nispuk.RealityConverterUITests;
				PRODUCT_NAME = "$(TARGET_NAME)";
				SDKROOT = auto;
				SUPPORTED_PLATFORMS = "iphoneos iphonesimulator macosx";
				SWIFT_EMIT_LOC_STRINGS = NO;
				SWIFT_VERSION = 5.0;
				TARGETED_DEVICE_FAMILY = "1,2";
				TEST_TARGET_NAME = RealityConverter;
			};
			name = Debug;
		};
		B6A4349429604F9100449528 /* Release */ = {
			isa = XCBuildConfiguration;
			buildSettings = {
				ALWAYS_EMBED_SWIFT_STANDARD_LIBRARIES = YES;
				CLANG_CXX_LANGUAGE_STANDARD = "gnu++20";
				CODE_SIGN_STYLE = Automatic;
				CURRENT_PROJECT_VERSION = 1;
				DEAD_CODE_STRIPPING = YES;
				DEVELOPMENT_TEAM = V2QU2ZP5Z5;
				GENERATE_INFOPLIST_FILE = YES;
				IPHONEOS_DEPLOYMENT_TARGET = 16.1;
				MACOSX_DEPLOYMENT_TARGET = 13.0;
				MARKETING_VERSION = 1.0;
				PRODUCT_BUNDLE_IDENTIFIER = com.nispuk.RealityConverterUITests;
				PRODUCT_NAME = "$(TARGET_NAME)";
				SDKROOT = auto;
				SUPPORTED_PLATFORMS = "iphoneos iphonesimulator macosx";
				SWIFT_EMIT_LOC_STRINGS = NO;
				SWIFT_VERSION = 5.0;
				TARGETED_DEVICE_FAMILY = "1,2";
				TEST_TARGET_NAME = RealityConverter;
			};
			name = Release;
		};
		B6F9C851273080D1000008F2 /* Debug */ = {
			isa = XCBuildConfiguration;
			buildSettings = {
				ALWAYS_SEARCH_USER_PATHS = NO;
				CLANG_ANALYZER_NONNULL = YES;
				CLANG_ANALYZER_NUMBER_OBJECT_CONVERSION = YES_AGGRESSIVE;
				CLANG_CXX_LANGUAGE_STANDARD = "gnu++17";
				CLANG_CXX_LIBRARY = "libc++";
				CLANG_ENABLE_MODULES = YES;
				CLANG_ENABLE_OBJC_ARC = YES;
				CLANG_ENABLE_OBJC_WEAK = YES;
				CLANG_WARN_BLOCK_CAPTURE_AUTORELEASING = YES;
				CLANG_WARN_BOOL_CONVERSION = YES;
				CLANG_WARN_COMMA = YES;
				CLANG_WARN_CONSTANT_CONVERSION = YES;
				CLANG_WARN_DEPRECATED_OBJC_IMPLEMENTATIONS = YES;
				CLANG_WARN_DIRECT_OBJC_ISA_USAGE = YES_ERROR;
				CLANG_WARN_DOCUMENTATION_COMMENTS = YES;
				CLANG_WARN_EMPTY_BODY = YES;
				CLANG_WARN_ENUM_CONVERSION = YES;
				CLANG_WARN_INFINITE_RECURSION = YES;
				CLANG_WARN_INT_CONVERSION = YES;
				CLANG_WARN_NON_LITERAL_NULL_CONVERSION = YES;
				CLANG_WARN_OBJC_IMPLICIT_RETAIN_SELF = YES;
				CLANG_WARN_OBJC_LITERAL_CONVERSION = YES;
				CLANG_WARN_OBJC_ROOT_CLASS = YES_ERROR;
				CLANG_WARN_QUOTED_INCLUDE_IN_FRAMEWORK_HEADER = YES;
				CLANG_WARN_RANGE_LOOP_ANALYSIS = YES;
				CLANG_WARN_STRICT_PROTOTYPES = YES;
				CLANG_WARN_SUSPICIOUS_MOVE = YES;
				CLANG_WARN_UNGUARDED_AVAILABILITY = YES_AGGRESSIVE;
				CLANG_WARN_UNREACHABLE_CODE = YES;
				CLANG_WARN__DUPLICATE_METHOD_MATCH = YES;
				COPY_PHASE_STRIP = NO;
				DEAD_CODE_STRIPPING = YES;
				DEBUG_INFORMATION_FORMAT = dwarf;
				ENABLE_STRICT_OBJC_MSGSEND = YES;
				ENABLE_TESTABILITY = YES;
				GCC_C_LANGUAGE_STANDARD = gnu11;
				GCC_DYNAMIC_NO_PIC = NO;
				GCC_NO_COMMON_BLOCKS = YES;
				GCC_OPTIMIZATION_LEVEL = 0;
				GCC_PREPROCESSOR_DEFINITIONS = (
					"DEBUG=1",
					"$(inherited)",
				);
				GCC_WARN_64_TO_32_BIT_CONVERSION = YES;
				GCC_WARN_ABOUT_RETURN_TYPE = YES_ERROR;
				GCC_WARN_UNDECLARED_SELECTOR = YES;
				GCC_WARN_UNINITIALIZED_AUTOS = YES_AGGRESSIVE;
				GCC_WARN_UNUSED_FUNCTION = YES;
				GCC_WARN_UNUSED_VARIABLE = YES;
				IPHONEOS_DEPLOYMENT_TARGET = 16.1;
				MACOSX_DEPLOYMENT_TARGET = 13.0;
				MTL_ENABLE_DEBUG_INFO = INCLUDE_SOURCE;
				MTL_FAST_MATH = YES;
				ONLY_ACTIVE_ARCH = YES;
				SWIFT_ACTIVE_COMPILATION_CONDITIONS = DEBUG;
				SWIFT_OPTIMIZATION_LEVEL = "-Onone";
			};
			name = Debug;
		};
		B6F9C852273080D1000008F2 /* Release */ = {
			isa = XCBuildConfiguration;
			buildSettings = {
				ALWAYS_SEARCH_USER_PATHS = NO;
				CLANG_ANALYZER_NONNULL = YES;
				CLANG_ANALYZER_NUMBER_OBJECT_CONVERSION = YES_AGGRESSIVE;
				CLANG_CXX_LANGUAGE_STANDARD = "gnu++17";
				CLANG_CXX_LIBRARY = "libc++";
				CLANG_ENABLE_MODULES = YES;
				CLANG_ENABLE_OBJC_ARC = YES;
				CLANG_ENABLE_OBJC_WEAK = YES;
				CLANG_WARN_BLOCK_CAPTURE_AUTORELEASING = YES;
				CLANG_WARN_BOOL_CONVERSION = YES;
				CLANG_WARN_COMMA = YES;
				CLANG_WARN_CONSTANT_CONVERSION = YES;
				CLANG_WARN_DEPRECATED_OBJC_IMPLEMENTATIONS = YES;
				CLANG_WARN_DIRECT_OBJC_ISA_USAGE = YES_ERROR;
				CLANG_WARN_DOCUMENTATION_COMMENTS = YES;
				CLANG_WARN_EMPTY_BODY = YES;
				CLANG_WARN_ENUM_CONVERSION = YES;
				CLANG_WARN_INFINITE_RECURSION = YES;
				CLANG_WARN_INT_CONVERSION = YES;
				CLANG_WARN_NON_LITERAL_NULL_CONVERSION = YES;
				CLANG_WARN_OBJC_IMPLICIT_RETAIN_SELF = YES;
				CLANG_WARN_OBJC_LITERAL_CONVERSION = YES;
				CLANG_WARN_OBJC_ROOT_CLASS = YES_ERROR;
				CLANG_WARN_QUOTED_INCLUDE_IN_FRAMEWORK_HEADER = YES;
				CLANG_WARN_RANGE_LOOP_ANALYSIS = YES;
				CLANG_WARN_STRICT_PROTOTYPES = YES;
				CLANG_WARN_SUSPICIOUS_MOVE = YES;
				CLANG_WARN_UNGUARDED_AVAILABILITY = YES_AGGRESSIVE;
				CLANG_WARN_UNREACHABLE_CODE = YES;
				CLANG_WARN__DUPLICATE_METHOD_MATCH = YES;
				COPY_PHASE_STRIP = NO;
				DEAD_CODE_STRIPPING = YES;
				DEBUG_INFORMATION_FORMAT = "dwarf-with-dsym";
				ENABLE_NS_ASSERTIONS = NO;
				ENABLE_STRICT_OBJC_MSGSEND = YES;
				GCC_C_LANGUAGE_STANDARD = gnu11;
				GCC_NO_COMMON_BLOCKS = YES;
				GCC_WARN_64_TO_32_BIT_CONVERSION = YES;
				GCC_WARN_ABOUT_RETURN_TYPE = YES_ERROR;
				GCC_WARN_UNDECLARED_SELECTOR = YES;
				GCC_WARN_UNINITIALIZED_AUTOS = YES_AGGRESSIVE;
				GCC_WARN_UNUSED_FUNCTION = YES;
				GCC_WARN_UNUSED_VARIABLE = YES;
				IPHONEOS_DEPLOYMENT_TARGET = 16.1;
				MACOSX_DEPLOYMENT_TARGET = 13.0;
				MTL_ENABLE_DEBUG_INFO = NO;
				MTL_FAST_MATH = YES;
				SWIFT_COMPILATION_MODE = wholemodule;
				SWIFT_OPTIMIZATION_LEVEL = "-O";
			};
			name = Release;
		};
		B6F9C857273080D1000008F2 /* Debug */ = {
			isa = XCBuildConfiguration;
			buildSettings = {
				ASSETCATALOG_COMPILER_APPICON_NAME = AppIcon;
				ASSETCATALOG_COMPILER_GLOBAL_ACCENT_COLOR_NAME = AccentColor;
				ASSETCATALOG_COMPILER_INCLUDE_ALL_APPICON_ASSETS = NO;
				CODE_SIGN_ENTITLEMENTS = macOS/macOS.entitlements;
				CODE_SIGN_IDENTITY = "-";
				"CODE_SIGN_IDENTITY[sdk=iphoneos*]" = "Apple Development";
				"CODE_SIGN_IDENTITY[sdk=macosx*]" = "-";
				CODE_SIGN_STYLE = Automatic;
				COMBINE_HIDPI_IMAGES = YES;
				CURRENT_PROJECT_VERSION = 1;
				DEAD_CODE_STRIPPING = YES;
				DEVELOPMENT_TEAM = V2QU2ZP5Z5;
				ENABLE_HARDENED_RUNTIME = YES;
				ENABLE_PREVIEWS = YES;
				GENERATE_INFOPLIST_FILE = YES;
				INFOPLIST_FILE = "RealityConverter-Info.plist";
				INFOPLIST_KEY_CFBundleDisplayName = "Reality Maker";
				INFOPLIST_KEY_LSApplicationCategoryType = "public.app-category.utilities";
				INFOPLIST_KEY_NSHumanReadableCopyright = "";
				LD_RUNPATH_SEARCH_PATHS = (
					"$(inherited)",
					"@executable_path/../Frameworks",
				);
				MACOSX_DEPLOYMENT_TARGET = 13.0;
				MARKETING_VERSION = 1.0;
				PRODUCT_BUNDLE_IDENTIFIER = com.nispuk.RealityMaker;
				PRODUCT_NAME = RealityMaker;
				SDKROOT = macosx;
				SUPPORTED_PLATFORMS = macosx;
				SUPPORTS_MACCATALYST = NO;
				SUPPORTS_MAC_DESIGNED_FOR_IPHONE_IPAD = NO;
				SWIFT_EMIT_LOC_STRINGS = YES;
				SWIFT_VERSION = 5.0;
			};
			name = Debug;
		};
		B6F9C858273080D1000008F2 /* Release */ = {
			isa = XCBuildConfiguration;
			buildSettings = {
				ASSETCATALOG_COMPILER_APPICON_NAME = AppIcon;
				ASSETCATALOG_COMPILER_GLOBAL_ACCENT_COLOR_NAME = AccentColor;
				ASSETCATALOG_COMPILER_INCLUDE_ALL_APPICON_ASSETS = NO;
				CODE_SIGN_ENTITLEMENTS = macOS/macOS.entitlements;
				CODE_SIGN_IDENTITY = "-";
				"CODE_SIGN_IDENTITY[sdk=iphoneos*]" = "Apple Development";
				"CODE_SIGN_IDENTITY[sdk=macosx*]" = "-";
				CODE_SIGN_STYLE = Automatic;
				COMBINE_HIDPI_IMAGES = YES;
				CURRENT_PROJECT_VERSION = 1;
				DEAD_CODE_STRIPPING = YES;
				DEVELOPMENT_TEAM = V2QU2ZP5Z5;
				ENABLE_HARDENED_RUNTIME = YES;
				ENABLE_PREVIEWS = YES;
				GENERATE_INFOPLIST_FILE = YES;
				INFOPLIST_FILE = "RealityConverter-Info.plist";
				INFOPLIST_KEY_CFBundleDisplayName = "Reality Maker";
				INFOPLIST_KEY_LSApplicationCategoryType = "public.app-category.utilities";
				INFOPLIST_KEY_NSHumanReadableCopyright = "";
				LD_RUNPATH_SEARCH_PATHS = (
					"$(inherited)",
					"@executable_path/../Frameworks",
				);
				MACOSX_DEPLOYMENT_TARGET = 13.0;
				MARKETING_VERSION = 1.0;
				PRODUCT_BUNDLE_IDENTIFIER = com.nispuk.RealityMaker;
				PRODUCT_NAME = RealityMaker;
				SDKROOT = macosx;
				SUPPORTED_PLATFORMS = macosx;
				SUPPORTS_MACCATALYST = NO;
				SUPPORTS_MAC_DESIGNED_FOR_IPHONE_IPAD = NO;
				SWIFT_EMIT_LOC_STRINGS = YES;
				SWIFT_VERSION = 5.0;
			};
			name = Release;
		};
/* End XCBuildConfiguration section */

/* Begin XCConfigurationList section */
		B6A4349629604F9100449528 /* Build configuration list for PBXNativeTarget "RealityConverterTests" */ = {
			isa = XCConfigurationList;
			buildConfigurations = (
				B6A4349129604F9100449528 /* Debug */,
				B6A4349229604F9100449528 /* Release */,
			);
			defaultConfigurationIsVisible = 0;
			defaultConfigurationName = Release;
		};
		B6A4349729604F9100449528 /* Build configuration list for PBXNativeTarget "RealityConverterUITests" */ = {
			isa = XCConfigurationList;
			buildConfigurations = (
				B6A4349329604F9100449528 /* Debug */,
				B6A4349429604F9100449528 /* Release */,
			);
			defaultConfigurationIsVisible = 0;
			defaultConfigurationName = Release;
		};
		B6F9C839273080D0000008F2 /* Build configuration list for PBXProject "RealityKit-Sample" */ = {
			isa = XCConfigurationList;
			buildConfigurations = (
				B6F9C851273080D1000008F2 /* Debug */,
				B6F9C852273080D1000008F2 /* Release */,
			);
			defaultConfigurationIsVisible = 0;
			defaultConfigurationName = Release;
		};
		B6F9C856273080D1000008F2 /* Build configuration list for PBXNativeTarget "RealityMaker" */ = {
			isa = XCConfigurationList;
			buildConfigurations = (
				B6F9C857273080D1000008F2 /* Debug */,
				B6F9C858273080D1000008F2 /* Release */,
			);
			defaultConfigurationIsVisible = 0;
			defaultConfigurationName = Release;
		};
/* End XCConfigurationList section */
	};
	rootObject = B6F9C836273080D0000008F2 /* Project object */;
}
